version: 1
checksums:
  8bddbb53ab4598bdf50a5e87fc7ae2cc:
    md-section-0: 5e2ef0b232e6264b141b8bacd2c3ab65
    md-section-1: 5e26527ccf8fddebe14c951e6c950b48
    md-section-2: 36c425de7e19a815a0873d13c79c3330
    md-section-3: 90d70cbdec064800b09728d871e1110e
    md-section-4: 6a95367f6beab6802fa8721768226127
    md-section-5: 56ea06288e338a3c329d80a0f845b4a0
    md-section-6: 6cf4e2ce8fd6366bda122f2018dfaa30
    md-section-7: 5d7a5a98662d9d1823479335641647c5
    md-section-8: 0962d52244bd870143927a54e33c1c08
    md-section-9: e6695260f81ec798a04586088800eb28
    md-section-10: 6932e3360679c5563cbb8009229d4e33
    md-section-11: 70ffad214725ef5e3035d7f30adfded4
    md-section-12: ffd064812d381cb2a8dea6f5c44b8583
    md-section-13: 8d56e63f35e7e2c518b7603973dc1712
    md-section-14: fb75e4f8a5cdd89d29c88c7f1679c442
    md-section-15: 814143b6c346c18faff79b08321d5739
    md-section-16: dff088fb6dded047f87c94599ee54d0d
    md-section-17: 077828619fed30aa4fadd81df0f48e5b
    md-section-18: ff46d72fe2541c5f851a86dbaad66bd0
    md-section-19: 9d4f10e8b649a3bcbef8f49a1a796bec
    md-section-20: c2cef2688104adaf6641092f43d4969a
    md-section-21: 4f4911ec375cdefb856321430410c058
  4aad4cf54d3fa436a2fe40ae7672fd79:
    md-section-0: e8fb48243e49e4104011db87a1b28cff
    md-section-1: 48361e78de327edccd0c2d8c6c4a5494
    md-section-2: 8c5797ba53edb0f172d182472cffe649
    md-section-3: 676b2f7b34e5d9bdc228538cff2cd840
    md-section-4: 60d6a49b258d2cc32e429f882d3a984b
    md-section-5: a76ea743b7ab28ca3ace242f05ccf966
    md-section-6: fc6794ea76325d1f3d51246506c9ea68
    md-section-7: 99f9347b1a1a3da2ddb4ed66339a710a
    md-section-8: a9a690f32637dd7ca7593714ffc48d4e
    md-section-9: 657e4300f3eee5f10bb1a8d5eb77e7af
    md-section-10: 036cc3dd4cb9591f3abc7323708bcb46
    md-section-11: 4d7eb944fd418b500acddc7530cf3223
    md-section-12: d5528b9f7a643ae0b9461cef48878935
    md-section-13: 0a231b503a2e310ad88a9693cbb0b7f1
    md-section-14: adf524ed1bc93ccf855112aadf7dfc98
    md-section-15: e478da8b69bc9038b3234e3950cd0776
    md-section-16: 6780dbe59ce56a1150ccf972114616f8
    md-section-17: 5e9355518d787ee51fd32643a699fc8d
    md-section-18: 349a7b8f489abc3021b02353196d11c9
  b020bf5dfae9bc41b064b0ce60961a7b:
    md-section-0: ba731390c48f7e47907031ba53c7b73b
    md-section-1: 474eb5ef94655054c65980c90f4e388c
    md-section-2: 8ffe913630630f9287e3da1e32e8edd2
    md-section-3: ae1ea29e6ae5e7ccb2e73b47d0e49443
    md-section-4: 8ca49521f00e10949afdd3000c8dfaa3
    md-section-5: f2edfdad11bfc7184f073cc07c2ab401
    md-section-6: 9af6f267be68f6f9e1c766b2f44b4e04
    md-section-7: cb24b35a2cf2bbe353605abce4619ca4
    md-section-8: 140b1cdf867a8979bac4878515f5483a
    md-section-9: 51adf33450cab2ef392e93147386647c
    md-section-10: 231c425cc98ab75b64fe3594a3b30e93
    md-section-11: 8dad5ef5d21a9c72d92ddf366c8cb743
    md-section-12: 0adf92bc2e3fe0e1012f426f9d65ca1e
    md-section-13: 4c9b0b7dabe94f7f2adb2753e70f4563
    md-section-14: c5df311ac2b4fbf1d21b971b189a8ee4
    md-section-15: 1e69d542eae7c7510d77a021361b5f0e
    md-section-16: 13ae9d84792effa3805c70d7ece99baa
    md-section-17: 51adf33450cab2ef392e93147386647c
    md-section-18: 5bff589a66969a4ea943825c85ba50e4
    md-section-19: 62307edbe8f540a0e09620d052ac088c
    md-section-20: 5a205e13502a2e795ddb416e76784c89
    md-section-21: 51adf33450cab2ef392e93147386647c
    md-section-22: bf198e7cb4fb9406d5cb5be0f4258a5e
    md-section-23: 55656afd5510254cca433d5210491a3a
    md-section-24: d026f23a2931b0519f1c81371381431d
    md-section-25: 91e6d63d791fa050fb22f858d6454dd8
    md-section-26: 505c9d142ea08b039ffe3303404eceb2
    md-section-27: 4823775c5e1761754746a7bbd5486a1f
    md-section-28: 8cff660d7adb3963b2997fb59b5217fb
    md-section-29: 017c829dd54fde20fa9fac7712342236
    md-section-30: 0e48ccbd82788f8b8baedf3711581fcd
  327bde757b85b31185eeedbd194b73e5:
    md-section-0: 5e2ef0b232e6264b141b8bacd2c3ab65
    md-section-1: 5e26527ccf8fddebe14c951e6c950b48
    md-section-2: 36c425de7e19a815a0873d13c79c3330
    md-section-3: 90d70cbdec064800b09728d871e1110e
    md-section-4: 6a95367f6beab6802fa8721768226127
    md-section-5: 56ea06288e338a3c329d80a0f845b4a0
    md-section-6: 6cf4e2ce8fd6366bda122f2018dfaa30
    md-section-7: 5d7a5a98662d9d1823479335641647c5
    md-section-8: 0962d52244bd870143927a54e33c1c08
    md-section-9: e6695260f81ec798a04586088800eb28
    md-section-10: 6932e3360679c5563cbb8009229d4e33
    md-section-11: 70ffad214725ef5e3035d7f30adfded4
    md-section-12: ffd064812d381cb2a8dea6f5c44b8583
    md-section-13: 8d56e63f35e7e2c518b7603973dc1712
    md-section-14: fb75e4f8a5cdd89d29c88c7f1679c442
    md-section-15: 814143b6c346c18faff79b08321d5739
    md-section-16: dff088fb6dded047f87c94599ee54d0d
    md-section-17: 077828619fed30aa4fadd81df0f48e5b
    md-section-18: ff46d72fe2541c5f851a86dbaad66bd0
    md-section-19: 9d4f10e8b649a3bcbef8f49a1a796bec
    md-section-20: c2cef2688104adaf6641092f43d4969a
    md-section-21: 4f4911ec375cdefb856321430410c058
  9715c9461472cff195ea87a49837f12c:
    md-section-0: e8fb48243e49e4104011db87a1b28cff
    md-section-1: 48361e78de327edccd0c2d8c6c4a5494
    md-section-2: 8c5797ba53edb0f172d182472cffe649
    md-section-3: 676b2f7b34e5d9bdc228538cff2cd840
    md-section-4: 60d6a49b258d2cc32e429f882d3a984b
    md-section-5: a76ea743b7ab28ca3ace242f05ccf966
    md-section-6: fc6794ea76325d1f3d51246506c9ea68
    md-section-7: 99f9347b1a1a3da2ddb4ed66339a710a
    md-section-8: a9a690f32637dd7ca7593714ffc48d4e
    md-section-9: 657e4300f3eee5f10bb1a8d5eb77e7af
    md-section-10: 036cc3dd4cb9591f3abc7323708bcb46
    md-section-11: 4d7eb944fd418b500acddc7530cf3223
    md-section-12: d5528b9f7a643ae0b9461cef48878935
    md-section-13: 0a231b503a2e310ad88a9693cbb0b7f1
    md-section-14: adf524ed1bc93ccf855112aadf7dfc98
    md-section-15: e478da8b69bc9038b3234e3950cd0776
    md-section-16: 6780dbe59ce56a1150ccf972114616f8
    md-section-17: 5e9355518d787ee51fd32643a699fc8d
    md-section-18: 349a7b8f489abc3021b02353196d11c9
  ffa5f8f37648d463fcb7cbd9fcd0b78e:
    md-section-0: ba731390c48f7e47907031ba53c7b73b
    md-section-1: 474eb5ef94655054c65980c90f4e388c
    md-section-2: 8ffe913630630f9287e3da1e32e8edd2
    md-section-3: ae1ea29e6ae5e7ccb2e73b47d0e49443
    md-section-4: 8ca49521f00e10949afdd3000c8dfaa3
    md-section-5: f2edfdad11bfc7184f073cc07c2ab401
    md-section-6: 9af6f267be68f6f9e1c766b2f44b4e04
    md-section-7: cb24b35a2cf2bbe353605abce4619ca4
    md-section-8: 140b1cdf867a8979bac4878515f5483a
    md-section-9: 51adf33450cab2ef392e93147386647c
    md-section-10: 231c425cc98ab75b64fe3594a3b30e93
    md-section-11: 8dad5ef5d21a9c72d92ddf366c8cb743
    md-section-12: 0adf92bc2e3fe0e1012f426f9d65ca1e
    md-section-13: 4c9b0b7dabe94f7f2adb2753e70f4563
    md-section-14: c5df311ac2b4fbf1d21b971b189a8ee4
    md-section-15: 1e69d542eae7c7510d77a021361b5f0e
    md-section-16: 13ae9d84792effa3805c70d7ece99baa
    md-section-17: 51adf33450cab2ef392e93147386647c
    md-section-18: 5bff589a66969a4ea943825c85ba50e4
    md-section-19: 62307edbe8f540a0e09620d052ac088c
    md-section-20: 5a205e13502a2e795ddb416e76784c89
    md-section-21: 51adf33450cab2ef392e93147386647c
    md-section-22: bf198e7cb4fb9406d5cb5be0f4258a5e
    md-section-23: 55656afd5510254cca433d5210491a3a
    md-section-24: d026f23a2931b0519f1c81371381431d
    md-section-25: 91e6d63d791fa050fb22f858d6454dd8
    md-section-26: 505c9d142ea08b039ffe3303404eceb2
    md-section-27: 4823775c5e1761754746a7bbd5486a1f
    md-section-28: 8cff660d7adb3963b2997fb59b5217fb
    md-section-29: 017c829dd54fde20fa9fac7712342236
    md-section-30: 0e48ccbd82788f8b8baedf3711581fcd
